
Microsoft Visual Studio Solution File, Format Version 12.00
# Visual Studio Version 16
VisualStudioVersion = 16.0.29215.179
MinimumVisualStudioVersion = 10.0.40219.1
Project("{FAE04EC0-301F-11D3-BF4B-00C04F79EFBC}") = "GraphicExamples", "GraphicExamples\GraphicExamples.csproj", "{3A90FF2B-3802-41FC-9FF5-5AE0910FD22E}"
EndProject
Global
	GlobalSection(SolutionConfigurationPlatforms) = preSolution
		Debug|Any CPU = Debug|Any CPU
		Release|Any CPU = Release|Any CPU
	EndGlobalSection
	GlobalSection(ProjectConfigurationPlatforms) = postSolution
		{3A90FF2B-3802-41FC-9FF5-5AE0910FD22E}.Debug|Any CPU.ActiveCfg = Debug|Any CPU
		{3A90FF2B-3802-41FC-9FF5-5AE0910FD22E}.Debug|Any CPU.Build.0 = Debug|Any CPU
		{3A90FF2B-3802-41FC-9FF5-5AE0910FD22E}.Release|Any CPU.ActiveCfg = Release|Any CPU
		{3A90FF2B-3802-41FC-9FF5-5AE0910FD22E}.Release|Any CPU.Build.0 = Release|Any CPU
	EndGlobalSection
	GlobalSection(SolutionProperties) = preSolution
		HideSolutionNode = FALSE
	EndGlobalSection
	GlobalSection(ExtensibilityGlobals) = postSolution
		SolutionGuid = {7FF0A0D0-1D3C-43E8-9F58-AC1B0D6B203D}
	EndGlobalSection
EndGlobal
